
Microsoft Visual Studio Solution File, Format Version 12.00
# Visual Studio Express 2012 for Web
Project("{FAE04EC0-301F-11D3-BF4B-00C04F79EFBC}") = "Teso_Site", "Teso_Site\Teso_Site.csproj", "{17BFF77A-5555-4CD1-AB2A-A0D0FFEAF3C9}"
EndProject
Project("{FAE04EC0-301F-11D3-BF4B-00C04F79EFBC}") = "Teso_Site.Tests", "Teso_Site.Tests\Teso_Site.Tests.csproj", "{CF5E21A3-4B11-4991-B1EF-3F964175863D}"
EndProject
Project("{FAE04EC0-301F-11D3-BF4B-00C04F79EFBC}") = "ClassLibrary1", "ClassLibrary1\ClassLibrary1.csproj", "{C7D9CDF4-17A3-4893-B9A6-83CBF175B984}"
EndProject
Global
	GlobalSection(SolutionConfigurationPlatforms) = preSolution
		Debug|Any CPU = Debug|Any CPU
		Release|Any CPU = Release|Any CPU
	EndGlobalSection
	GlobalSection(ProjectConfigurationPlatforms) = postSolution
		{17BFF77A-5555-4CD1-AB2A-A0D0FFEAF3C9}.Debug|Any CPU.ActiveCfg = Debug|Any CPU
		{17BFF77A-5555-4CD1-AB2A-A0D0FFEAF3C9}.Debug|Any CPU.Build.0 = Debug|Any CPU
		{17BFF77A-5555-4CD1-AB2A-A0D0FFEAF3C9}.Release|Any CPU.ActiveCfg = Release|Any CPU
		{17BFF77A-5555-4CD1-AB2A-A0D0FFEAF3C9}.Release|Any CPU.Build.0 = Release|Any CPU
		{CF5E21A3-4B11-4991-B1EF-3F964175863D}.Debug|Any CPU.ActiveCfg = Debug|Any CPU
		{CF5E21A3-4B11-4991-B1EF-3F964175863D}.Debug|Any CPU.Build.0 = Debug|Any CPU
		{CF5E21A3-4B11-4991-B1EF-3F964175863D}.Release|Any CPU.ActiveCfg = Release|Any CPU
		{CF5E21A3-4B11-4991-B1EF-3F964175863D}.Release|Any CPU.Build.0 = Release|Any CPU
		{C7D9CDF4-17A3-4893-B9A6-83CBF175B984}.Debug|Any CPU.ActiveCfg = Debug|Any CPU
		{C7D9CDF4-17A3-4893-B9A6-83CBF175B984}.Debug|Any CPU.Build.0 = Debug|Any CPU
		{C7D9CDF4-17A3-4893-B9A6-83CBF175B984}.Release|Any CPU.ActiveCfg = Release|Any CPU
		{C7D9CDF4-17A3-4893-B9A6-83CBF175B984}.Release|Any CPU.Build.0 = Release|Any CPU
	EndGlobalSection
	GlobalSection(SolutionProperties) = preSolution
		HideSolutionNode = FALSE
	EndGlobalSection
EndGlobal
